
Microsoft Visual Studio Solution File, Format Version 12.00
# Visual Studio Version 16
VisualStudioVersion = 16.0.30413.136
MinimumVisualStudioVersion = 10.0.40219.1
Project("{888888A0-9F3D-457C-B088-3A5042F75D52}") = "skyWalker", "skyWalker\skyWalker.pyproj", "{9756A34E-3A4F-4500-9695-CFA6C0211E51}"
EndProject
Global
	GlobalSection(SolutionConfigurationPlatforms) = preSolution
		Debug|Any CPU = Debug|Any CPU
		Release|Any CPU = Release|Any CPU
	EndGlobalSection
	GlobalSection(ProjectConfigurationPlatforms) = postSolution
		{9756A34E-3A4F-4500-9695-CFA6C0211E51}.Debug|Any CPU.ActiveCfg = Debug|Any CPU
		{9756A34E-3A4F-4500-9695-CFA6C0211E51}.Debug|Any CPU.Build.0 = Debug|Any CPU
		{9756A34E-3A4F-4500-9695-CFA6C0211E51}.Release|Any CPU.ActiveCfg = Release|Any CPU
		{9756A34E-3A4F-4500-9695-CFA6C0211E51}.Release|Any CPU.Build.0 = Release|Any CPU
	EndGlobalSection
	GlobalSection(SolutionProperties) = preSolution
		HideSolutionNode = FALSE
	EndGlobalSection
	GlobalSection(ExtensibilityGlobals) = postSolution
		SolutionGuid = {4437FE32-3D78-4F5D-8BBD-BAEC6A76373D}
	EndGlobalSection
EndGlobal
